
Microsoft Visual Studio Solution File, Format Version 12.00
Project("{FAE04EC0-301F-11D3-BF4B-00C04F79EFBC}") = "Selenium_tests_Lazukov", "Selenium_tests_Lazukov\Selenium_tests_Lazukov.csproj", "{441845BF-9186-4AA7-B0A4-0B612A9E5913}"
EndProject
Global
	GlobalSection(SolutionConfigurationPlatforms) = preSolution
		Debug|Any CPU = Debug|Any CPU
		Release|Any CPU = Release|Any CPU
	EndGlobalSection
	GlobalSection(ProjectConfigurationPlatforms) = postSolution
		{441845BF-9186-4AA7-B0A4-0B612A9E5913}.Debug|Any CPU.ActiveCfg = Debug|Any CPU
		{441845BF-9186-4AA7-B0A4-0B612A9E5913}.Debug|Any CPU.Build.0 = Debug|Any CPU
		{441845BF-9186-4AA7-B0A4-0B612A9E5913}.Release|Any CPU.ActiveCfg = Release|Any CPU
		{441845BF-9186-4AA7-B0A4-0B612A9E5913}.Release|Any CPU.Build.0 = Release|Any CPU
	EndGlobalSection
EndGlobal
